// !$*UTF8*$!
{
	archiveVersion = 1;
	classes = {
	};
	objectVersion = 50;
	objects = {

/* Begin PBXBuildFile section */
		46AF3DD2222450BA0029A596 /* AppDelegate.swift in Sources */ = {isa = PBXBuildFile; fileRef = 46AF3DD1222450BA0029A596 /* AppDelegate.swift */; };
		46AF3DD7222450BA0029A596 /* BaseTabViewController.storyboard in Resources */ = {isa = PBXBuildFile; fileRef = 46AF3DD5222450BA0029A596 /* BaseTabViewController.storyboard */; };
		46AF3DD9222450BB0029A596 /* Assets.xcassets in Resources */ = {isa = PBXBuildFile; fileRef = 46AF3DD8222450BB0029A596 /* Assets.xcassets */; };
		46AF3DDC222450BB0029A596 /* LaunchScreen.storyboard in Resources */ = {isa = PBXBuildFile; fileRef = 46AF3DDA222450BB0029A596 /* LaunchScreen.storyboard */; };
		46AF3DE6222455010029A596 /* DetailViewController.storyboard in Resources */ = {isa = PBXBuildFile; fileRef = 46AF3DE4222455010029A596 /* DetailViewController.storyboard */; };
		46AF3DE92224550D0029A596 /* PlaceListViewController.storyboard in Resources */ = {isa = PBXBuildFile; fileRef = 46AF3DE72224550D0029A596 /* PlaceListViewController.storyboard */; };
		46AF3DED222455750029A596 /* ItemListViewController.storyboard in Resources */ = {isa = PBXBuildFile; fileRef = 46AF3DEB222455750029A596 /* ItemListViewController.storyboard */; };
		46AF3DF02224559D0029A596 /* ItemListViewController.swift in Sources */ = {isa = PBXBuildFile; fileRef = 46AF3DEF2224559D0029A596 /* ItemListViewController.swift */; };
		46AF3DF2222455BC0029A596 /* PlaceListViewController.swift in Sources */ = {isa = PBXBuildFile; fileRef = 46AF3DF1222455BC0029A596 /* PlaceListViewController.swift */; };
		46AF3DF4222455CA0029A596 /* DetailViewController.swift in Sources */ = {isa = PBXBuildFile; fileRef = 46AF3DF3222455CA0029A596 /* DetailViewController.swift */; };
		46AF3DF72224A9CF0029A596 /* GoogleService-Info.plist in Resources */ = {isa = PBXBuildFile; fileRef = 46AF3DF62224A9CF0029A596 /* GoogleService-Info.plist */; };
		907837B997D9B719ECCCF5F6 /* Pods_JJQ.framework in Frameworks */ = {isa = PBXBuildFile; fileRef = 00F778A6CF58C6A4E3D58125 /* Pods_JJQ.framework */; };
/* End PBXBuildFile section */

/* Begin PBXFileReference section */
		00F778A6CF58C6A4E3D58125 /* Pods_JJQ.framework */ = {isa = PBXFileReference; explicitFileType = wrapper.framework; includeInIndex = 0; path = Pods_JJQ.framework; sourceTree = BUILT_PRODUCTS_DIR; };
		46AF3DCE222450BA0029A596 /* JJQ.app */ = {isa = PBXFileReference; explicitFileType = wrapper.application; includeInIndex = 0; path = JJQ.app; sourceTree = BUILT_PRODUCTS_DIR; };
		46AF3DD1222450BA0029A596 /* AppDelegate.swift */ = {isa = PBXFileReference; lastKnownFileType = sourcecode.swift; path = AppDelegate.swift; sourceTree = "<group>"; };
		46AF3DD6222450BA0029A596 /* Base */ = {isa = PBXFileReference; lastKnownFileType = file.storyboard; name = Base; path = Base.lproj/BaseTabViewController.storyboard; sourceTree = "<group>"; };
		46AF3DD8222450BB0029A596 /* Assets.xcassets */ = {isa = PBXFileReference; lastKnownFileType = folder.assetcatalog; path = Assets.xcassets; sourceTree = "<group>"; };
		46AF3DDB222450BB0029A596 /* Base */ = {isa = PBXFileReference; lastKnownFileType = file.storyboard; name = Base; path = Base.lproj/LaunchScreen.storyboard; sourceTree = "<group>"; };
		46AF3DDD222450BB0029A596 /* Info.plist */ = {isa = PBXFileReference; lastKnownFileType = text.plist.xml; path = Info.plist; sourceTree = "<group>"; };
		46AF3DE5222455010029A596 /* Base */ = {isa = PBXFileReference; lastKnownFileType = file.storyboard; name = Base; path = Base.lproj/DetailViewController.storyboard; sourceTree = "<group>"; };
		46AF3DE82224550D0029A596 /* Base */ = {isa = PBXFileReference; lastKnownFileType = file.storyboard; name = Base; path = Base.lproj/PlaceListViewController.storyboard; sourceTree = "<group>"; };
		46AF3DEC222455750029A596 /* Base */ = {isa = PBXFileReference; lastKnownFileType = file.storyboard; name = Base; path = Base.lproj/ItemListViewController.storyboard; sourceTree = "<group>"; };
		46AF3DEF2224559D0029A596 /* ItemListViewController.swift */ = {isa = PBXFileReference; fileEncoding = 4; lastKnownFileType = sourcecode.swift; path = ItemListViewController.swift; sourceTree = "<group>"; };
		46AF3DF1222455BC0029A596 /* PlaceListViewController.swift */ = {isa = PBXFileReference; lastKnownFileType = sourcecode.swift; path = PlaceListViewController.swift; sourceTree = "<group>"; };
		46AF3DF3222455CA0029A596 /* DetailViewController.swift */ = {isa = PBXFileReference; lastKnownFileType = sourcecode.swift; path = DetailViewController.swift; sourceTree = "<group>"; };
		46AF3DF62224A9CF0029A596 /* GoogleService-Info.plist */ = {isa = PBXFileReference; fileEncoding = 4; lastKnownFileType = text.plist.xml; path = "GoogleService-Info.plist"; sourceTree = "<group>"; };
		BB2912247CCCB46926EF0C07 /* Pods-JJQ.debug.xcconfig */ = {isa = PBXFileReference; includeInIndex = 1; lastKnownFileType = text.xcconfig; name = "Pods-JJQ.debug.xcconfig"; path = "Pods/Target Support Files/Pods-JJQ/Pods-JJQ.debug.xcconfig"; sourceTree = "<group>"; };
		FC4BD55C1A8B2B4681D60C19 /* Pods-JJQ.release.xcconfig */ = {isa = PBXFileReference; includeInIndex = 1; lastKnownFileType = text.xcconfig; name = "Pods-JJQ.release.xcconfig"; path = "Pods/Target Support Files/Pods-JJQ/Pods-JJQ.release.xcconfig"; sourceTree = "<group>"; };
/* End PBXFileReference section */

/* Begin PBXFrameworksBuildPhase section */
		46AF3DCB222450BA0029A596 /* Frameworks */ = {
			isa = PBXFrameworksBuildPhase;
			buildActionMask = 2147483647;
			files = (
				907837B997D9B719ECCCF5F6 /* Pods_JJQ.framework in Frameworks */,
			);
			runOnlyForDeploymentPostprocessing = 0;
		};
/* End PBXFrameworksBuildPhase section */

/* Begin PBXGroup section */
		0B48AD965AE1DB4C79B4A51B /* Frameworks */ = {
			isa = PBXGroup;
			children = (
				00F778A6CF58C6A4E3D58125 /* Pods_JJQ.framework */,
			);
			name = Frameworks;
			sourceTree = "<group>";
		};
		11462969C65678FFAD5DDBA5 /* Pods */ = {
			isa = PBXGroup;
			children = (
				BB2912247CCCB46926EF0C07 /* Pods-JJQ.debug.xcconfig */,
				FC4BD55C1A8B2B4681D60C19 /* Pods-JJQ.release.xcconfig */,
			);
			name = Pods;
			sourceTree = "<group>";
		};
		46AF3DC5222450BA0029A596 = {
			isa = PBXGroup;
			children = (
				46AF3DD0222450BA0029A596 /* JJQ */,
				46AF3DCF222450BA0029A596 /* Products */,
				11462969C65678FFAD5DDBA5 /* Pods */,
				0B48AD965AE1DB4C79B4A51B /* Frameworks */,
			);
			sourceTree = "<group>";
		};
		46AF3DCF222450BA0029A596 /* Products */ = {
			isa = PBXGroup;
			children = (
				46AF3DCE222450BA0029A596 /* JJQ.app */,
			);
			name = Products;
			sourceTree = "<group>";
		};
		46AF3DD0222450BA0029A596 /* JJQ */ = {
			isa = PBXGroup;
			children = (
				46AF3DF5222456050029A596 /* Launch */,
				46AF3DEE2224557C0029A596 /* Scenes */,
				46AF3DD1222450BA0029A596 /* AppDelegate.swift */,
				46AF3DD8222450BB0029A596 /* Assets.xcassets */,
				46AF3DDD222450BB0029A596 /* Info.plist */,
				46AF3DF62224A9CF0029A596 /* GoogleService-Info.plist */,
			);
			path = JJQ;
			sourceTree = "<group>";
		};
		46AF3DEE2224557C0029A596 /* Scenes */ = {
			isa = PBXGroup;
			children = (
				46AF3DEF2224559D0029A596 /* ItemListViewController.swift */,
				46AF3DEB222455750029A596 /* ItemListViewController.storyboard */,
				46AF3DF1222455BC0029A596 /* PlaceListViewController.swift */,
				46AF3DE72224550D0029A596 /* PlaceListViewController.storyboard */,
				46AF3DE4222455010029A596 /* DetailViewController.storyboard */,
				46AF3DF3222455CA0029A596 /* DetailViewController.swift */,
			);
			path = Scenes;
			sourceTree = "<group>";
		};
		46AF3DF5222456050029A596 /* Launch */ = {
			isa = PBXGroup;
			children = (
				46AF3DDA222450BB0029A596 /* LaunchScreen.storyboard */,
				46AF3DD5222450BA0029A596 /* BaseTabViewController.storyboard */,
			);
			path = Launch;
			sourceTree = "<group>";
		};
/* End PBXGroup section */

/* Begin PBXNativeTarget section */
		46AF3DCD222450BA0029A596 /* JJQ */ = {
			isa = PBXNativeTarget;
			buildConfigurationList = 46AF3DE0222450BB0029A596 /* Build configuration list for PBXNativeTarget "JJQ" */;
			buildPhases = (
				E165DCC8280B69B246437C76 /* [CP] Check Pods Manifest.lock */,
				46AF3DCA222450BA0029A596 /* Sources */,
				46AF3DCB222450BA0029A596 /* Frameworks */,
				46AF3DCC222450BA0029A596 /* Resources */,
				482076CEFF1F0363F9442A49 /* [CP] Embed Pods Frameworks */,
				FFF25E2131F6A91AD5B8923B /* [CP] Copy Pods Resources */,
			);
			buildRules = (
			);
			dependencies = (
			);
			name = JJQ;
			productName = JJQ;
			productReference = 46AF3DCE222450BA0029A596 /* JJQ.app */;
			productType = "com.apple.product-type.application";
		};
/* End PBXNativeTarget section */

/* Begin PBXProject section */
		46AF3DC6222450BA0029A596 /* Project object */ = {
			isa = PBXProject;
			attributes = {
				LastSwiftUpdateCheck = 1010;
				LastUpgradeCheck = 1010;
				ORGANIZATIONNAME = "Swimee Winter Camp 2019 Manager";
				TargetAttributes = {
					46AF3DCD222450BA0029A596 = {
						CreatedOnToolsVersion = 10.1;
					};
				};
			};
			buildConfigurationList = 46AF3DC9222450BA0029A596 /* Build configuration list for PBXProject "JJQ" */;
			compatibilityVersion = "Xcode 9.3";
			developmentRegion = en;
			hasScannedForEncodings = 0;
			knownRegions = (
				en,
				Base,
			);
			mainGroup = 46AF3DC5222450BA0029A596;
			productRefGroup = 46AF3DCF222450BA0029A596 /* Products */;
			projectDirPath = "";
			projectRoot = "";
			targets = (
				46AF3DCD222450BA0029A596 /* JJQ */,
			);
		};
/* End PBXProject section */

/* Begin PBXResourcesBuildPhase section */
		46AF3DCC222450BA0029A596 /* Resources */ = {
			isa = PBXResourcesBuildPhase;
			buildActionMask = 2147483647;
			files = (
				46AF3DE92224550D0029A596 /* PlaceListViewController.storyboard in Resources */,
				46AF3DE6222455010029A596 /* DetailViewController.storyboard in Resources */,
				46AF3DDC222450BB0029A596 /* LaunchScreen.storyboard in Resources */,
				46AF3DD9222450BB0029A596 /* Assets.xcassets in Resources */,
				46AF3DED222455750029A596 /* ItemListViewController.storyboard in Resources */,
				46AF3DD7222450BA0029A596 /* BaseTabViewController.storyboard in Resources */,
				46AF3DF72224A9CF0029A596 /* GoogleService-Info.plist in Resources */,
			);
			runOnlyForDeploymentPostprocessing = 0;
		};
/* End PBXResourcesBuildPhase section */

/* Begin PBXShellScriptBuildPhase section */
		482076CEFF1F0363F9442A49 /* [CP] Embed Pods Frameworks */ = {
			isa = PBXShellScriptBuildPhase;
			buildActionMask = 2147483647;
			files = (
			);
			inputFileListPaths = (
			);
			inputPaths = (
				"${SRCROOT}/Pods/Target Support Files/Pods-JJQ/Pods-JJQ-frameworks.sh",
				"${BUILT_PRODUCTS_DIR}/Alamofire/Alamofire.framework",
				"${BUILT_PRODUCTS_DIR}/BoringSSL-GRPC/openssl_grpc.framework",
				"${BUILT_PRODUCTS_DIR}/GTMSessionFetcher/GTMSessionFetcher.framework",
				"${BUILT_PRODUCTS_DIR}/GoogleUtilities/GoogleUtilities.framework",
				"${BUILT_PRODUCTS_DIR}/Protobuf/Protobuf.framework",
				"${BUILT_PRODUCTS_DIR}/SDWebImage/SDWebImage.framework",
				"${BUILT_PRODUCTS_DIR}/gRPC-C++/grpcpp.framework",
				"${BUILT_PRODUCTS_DIR}/gRPC-Core/grpc.framework",
				"${BUILT_PRODUCTS_DIR}/leveldb-library/leveldb.framework",
				"${BUILT_PRODUCTS_DIR}/nanopb/nanopb.framework",
			);
			name = "[CP] Embed Pods Frameworks";
			outputFileListPaths = (
			);
			outputPaths = (
				"${TARGET_BUILD_DIR}/${FRAMEWORKS_FOLDER_PATH}/Alamofire.framework",
				"${TARGET_BUILD_DIR}/${FRAMEWORKS_FOLDER_PATH}/openssl_grpc.framework",
				"${TARGET_BUILD_DIR}/${FRAMEWORKS_FOLDER_PATH}/GTMSessionFetcher.framework",
				"${TARGET_BUILD_DIR}/${FRAMEWORKS_FOLDER_PATH}/GoogleUtilities.framework",
				"${TARGET_BUILD_DIR}/${FRAMEWORKS_FOLDER_PATH}/Protobuf.framework",
				"${TARGET_BUILD_DIR}/${FRAMEWORKS_FOLDER_PATH}/SDWebImage.framework",
				"${TARGET_BUILD_DIR}/${FRAMEWORKS_FOLDER_PATH}/grpcpp.framework",
				"${TARGET_BUILD_DIR}/${FRAMEWORKS_FOLDER_PATH}/grpc.framework",
				"${TARGET_BUILD_DIR}/${FRAMEWORKS_FOLDER_PATH}/leveldb.framework",
				"${TARGET_BUILD_DIR}/${FRAMEWORKS_FOLDER_PATH}/nanopb.framework",
			);
			runOnlyForDeploymentPostprocessing = 0;
			shellPath = /bin/sh;
			shellScript = "\"${SRCROOT}/Pods/Target Support Files/Pods-JJQ/Pods-JJQ-frameworks.sh\"\n";
			showEnvVarsInLog = 0;
		};
		E165DCC8280B69B246437C76 /* [CP] Check Pods Manifest.lock */ = {
			isa = PBXShellScriptBuildPhase;
			buildActionMask = 2147483647;
			files = (
			);
			inputFileListPaths = (
			);
			inputPaths = (
				"${PODS_PODFILE_DIR_PATH}/Podfile.lock",
				"${PODS_ROOT}/Manifest.lock",
			);
			name = "[CP] Check Pods Manifest.lock";
			outputFileListPaths = (
			);
			outputPaths = (
				"$(DERIVED_FILE_DIR)/Pods-JJQ-checkManifestLockResult.txt",
			);
			runOnlyForDeploymentPostprocessing = 0;
			shellPath = /bin/sh;
			shellScript = "diff \"${PODS_PODFILE_DIR_PATH}/Podfile.lock\" \"${PODS_ROOT}/Manifest.lock\" > /dev/null\nif [ $? != 0 ] ; then\n    # print error to STDERR\n    echo \"error: The sandbox is not in sync with the Podfile.lock. Run 'pod install' or update your CocoaPods installation.\" >&2\n    exit 1\nfi\n# This output is used by Xcode 'outputs' to avoid re-running this script phase.\necho \"SUCCESS\" > \"${SCRIPT_OUTPUT_FILE_0}\"\n";
			showEnvVarsInLog = 0;
		};
		FFF25E2131F6A91AD5B8923B /* [CP] Copy Pods Resources */ = {
			isa = PBXShellScriptBuildPhase;
			buildActionMask = 2147483647;
			files = (
			);
			inputFileListPaths = (
			);
			inputPaths = (
				"${SRCROOT}/Pods/Target Support Files/Pods-JJQ/Pods-JJQ-resources.sh",
				"${PODS_CONFIGURATION_BUILD_DIR}/FirebaseUI/FirebaseAuthUI.bundle",
			);
			name = "[CP] Copy Pods Resources";
			outputFileListPaths = (
			);
			outputPaths = (
				"${TARGET_BUILD_DIR}/${UNLOCALIZED_RESOURCES_FOLDER_PATH}/FirebaseAuthUI.bundle",
			);
			runOnlyForDeploymentPostprocessing = 0;
			shellPath = /bin/sh;
			shellScript = "\"${SRCROOT}/Pods/Target Support Files/Pods-JJQ/Pods-JJQ-resources.sh\"\n";
			showEnvVarsInLog = 0;
		};
/* End PBXShellScriptBuildPhase section */

/* Begin PBXSourcesBuildPhase section */
		46AF3DCA222450BA0029A596 /* Sources */ = {
			isa = PBXSourcesBuildPhase;
			buildActionMask = 2147483647;
			files = (
				46AF3DF2222455BC0029A596 /* PlaceListViewController.swift in Sources */,
				46AF3DF4222455CA0029A596 /* DetailViewController.swift in Sources */,
				46AF3DD2222450BA0029A596 /* AppDelegate.swift in Sources */,
				46AF3DF02224559D0029A596 /* ItemListViewController.swift in Sources */,
			);
			runOnlyForDeploymentPostprocessing = 0;
		};
/* End PBXSourcesBuildPhase section */

/* Begin PBXVariantGroup section */
		46AF3DD5222450BA0029A596 /* BaseTabViewController.storyboard */ = {
			isa = PBXVariantGroup;
			children = (
				46AF3DD6222450BA0029A596 /* Base */,
			);
			name = BaseTabViewController.storyboard;
			sourceTree = "<group>";
		};
		46AF3DDA222450BB0029A596 /* LaunchScreen.storyboard */ = {
			isa = PBXVariantGroup;
			children = (
				46AF3DDB222450BB0029A596 /* Base */,
			);
			name = LaunchScreen.storyboard;
			sourceTree = "<group>";
		};
		46AF3DE4222455010029A596 /* DetailViewController.storyboard */ = {
			isa = PBXVariantGroup;
			children = (
				46AF3DE5222455010029A596 /* Base */,
			);
			name = DetailViewController.storyboard;
			sourceTree = "<group>";
		};
		46AF3DE72224550D0029A596 /* PlaceListViewController.storyboard */ = {
			isa = PBXVariantGroup;
			children = (
				46AF3DE82224550D0029A596 /* Base */,
			);
			name = PlaceListViewController.storyboard;
			sourceTree = "<group>";
		};
		46AF3DEB222455750029A596 /* ItemListViewController.storyboard */ = {
			isa = PBXVariantGroup;
			children = (
				46AF3DEC222455750029A596 /* Base */,
			);
			name = ItemListViewController.storyboard;
			sourceTree = "<group>";
		};
/* End PBXVariantGroup section */

/* Begin XCBuildConfiguration section */
		46AF3DDE222450BB0029A596 /* Debug */ = {
			isa = XCBuildConfiguration;
			buildSettings = {
				ALWAYS_SEARCH_USER_PATHS = NO;
				CLANG_ANALYZER_NONNULL = YES;
				CLANG_ANALYZER_NUMBER_OBJECT_CONVERSION = YES_AGGRESSIVE;
				CLANG_CXX_LANGUAGE_STANDARD = "gnu++14";
				CLANG_CXX_LIBRARY = "libc++";
				CLANG_ENABLE_MODULES = YES;
				CLANG_ENABLE_OBJC_ARC = YES;
				CLANG_ENABLE_OBJC_WEAK = YES;
				CLANG_WARN_BLOCK_CAPTURE_AUTORELEASING = YES;
				CLANG_WARN_BOOL_CONVERSION = YES;
				CLANG_WARN_COMMA = YES;
				CLANG_WARN_CONSTANT_CONVERSION = YES;
				CLANG_WARN_DEPRECATED_OBJC_IMPLEMENTATIONS = YES;
				CLANG_WARN_DIRECT_OBJC_ISA_USAGE = YES_ERROR;
				CLANG_WARN_DOCUMENTATION_COMMENTS = YES;
				CLANG_WARN_EMPTY_BODY = YES;
				CLANG_WARN_ENUM_CONVERSION = YES;
				CLANG_WARN_INFINITE_RECURSION = YES;
				CLANG_WARN_INT_CONVERSION = YES;
				CLANG_WARN_NON_LITERAL_NULL_CONVERSION = YES;
				CLANG_WARN_OBJC_IMPLICIT_RETAIN_SELF = YES;
				CLANG_WARN_OBJC_LITERAL_CONVERSION = YES;
				CLANG_WARN_OBJC_ROOT_CLASS = YES_ERROR;
				CLANG_WARN_RANGE_LOOP_ANALYSIS = YES;
				CLANG_WARN_STRICT_PROTOTYPES = YES;
				CLANG_WARN_SUSPICIOUS_MOVE = YES;
				CLANG_WARN_UNGUARDED_AVAILABILITY = YES_AGGRESSIVE;
				CLANG_WARN_UNREACHABLE_CODE = YES;
				CLANG_WARN__DUPLICATE_METHOD_MATCH = YES;
				CODE_SIGN_IDENTITY = "iPhone Developer";
				COPY_PHASE_STRIP = NO;
				DEBUG_INFORMATION_FORMAT = dwarf;
				ENABLE_STRICT_OBJC_MSGSEND = YES;
				ENABLE_TESTABILITY = YES;
				GCC_C_LANGUAGE_STANDARD = gnu11;
				GCC_DYNAMIC_NO_PIC = NO;
				GCC_NO_COMMON_BLOCKS = YES;
				GCC_OPTIMIZATION_LEVEL = 0;
				GCC_PREPROCESSOR_DEFINITIONS = (
					"DEBUG=1",
					"$(inherited)",
				);
				GCC_WARN_64_TO_32_BIT_CONVERSION = YES;
				GCC_WARN_ABOUT_RETURN_TYPE = YES_ERROR;
				GCC_WARN_UNDECLARED_SELECTOR = YES;
				GCC_WARN_UNINITIALIZED_AUTOS = YES_AGGRESSIVE;
				GCC_WARN_UNUSED_FUNCTION = YES;
				GCC_WARN_UNUSED_VARIABLE = YES;
				IPHONEOS_DEPLOYMENT_TARGET = 12.1;
				MTL_ENABLE_DEBUG_INFO = INCLUDE_SOURCE;
				MTL_FAST_MATH = YES;
				ONLY_ACTIVE_ARCH = YES;
				SDKROOT = iphoneos;
				SWIFT_ACTIVE_COMPILATION_CONDITIONS = DEBUG;
				SWIFT_OPTIMIZATION_LEVEL = "-Onone";
			};
			name = Debug;
		};
		46AF3DDF222450BB0029A596 /* Release */ = {
			isa = XCBuildConfiguration;
			buildSettings = {
				ALWAYS_SEARCH_USER_PATHS = NO;
				CLANG_ANALYZER_NONNULL = YES;
				CLANG_ANALYZER_NUMBER_OBJECT_CONVERSION = YES_AGGRESSIVE;
				CLANG_CXX_LANGUAGE_STANDARD = "gnu++14";
				CLANG_CXX_LIBRARY = "libc++";
				CLANG_ENABLE_MODULES = YES;
				CLANG_ENABLE_OBJC_ARC = YES;
				CLANG_ENABLE_OBJC_WEAK = YES;
				CLANG_WARN_BLOCK_CAPTURE_AUTORELEASING = YES;
				CLANG_WARN_BOOL_CONVERSION = YES;
				CLANG_WARN_COMMA = YES;
				CLANG_WARN_CONSTANT_CONVERSION = YES;
				CLANG_WARN_DEPRECATED_OBJC_IMPLEMENTATIONS = YES;
				CLANG_WARN_DIRECT_OBJC_ISA_USAGE = YES_ERROR;
				CLANG_WARN_DOCUMENTATION_COMMENTS = YES;
				CLANG_WARN_EMPTY_BODY = YES;
				CLANG_WARN_ENUM_CONVERSION = YES;
				CLANG_WARN_INFINITE_RECURSION = YES;
				CLANG_WARN_INT_CONVERSION = YES;
				CLANG_WARN_NON_LITERAL_NULL_CONVERSION = YES;
				CLANG_WARN_OBJC_IMPLICIT_RETAIN_SELF = YES;
				CLANG_WARN_OBJC_LITERAL_CONVERSION = YES;
				CLANG_WARN_OBJC_ROOT_CLASS = YES_ERROR;
				CLANG_WARN_RANGE_LOOP_ANALYSIS = YES;
				CLANG_WARN_STRICT_PROTOTYPES = YES;
				CLANG_WARN_SUSPICIOUS_MOVE = YES;
				CLANG_WARN_UNGUARDED_AVAILABILITY = YES_AGGRESSIVE;
				CLANG_WARN_UNREACHABLE_CODE = YES;
				CLANG_WARN__DUPLICATE_METHOD_MATCH = YES;
				CODE_SIGN_IDENTITY = "iPhone Developer";
				COPY_PHASE_STRIP = NO;
				DEBUG_INFORMATION_FORMAT = "dwarf-with-dsym";
				ENABLE_NS_ASSERTIONS = NO;
				ENABLE_STRICT_OBJC_MSGSEND = YES;
				GCC_C_LANGUAGE_STANDARD = gnu11;
				GCC_NO_COMMON_BLOCKS = YES;
				GCC_WARN_64_TO_32_BIT_CONVERSION = YES;
				GCC_WARN_ABOUT_RETURN_TYPE = YES_ERROR;
				GCC_WARN_UNDECLARED_SELECTOR = YES;
				GCC_WARN_UNINITIALIZED_AUTOS = YES_AGGRESSIVE;
				GCC_WARN_UNUSED_FUNCTION = YES;
				GCC_WARN_UNUSED_VARIABLE = YES;
				IPHONEOS_DEPLOYMENT_TARGET = 12.1;
				MTL_ENABLE_DEBUG_INFO = NO;
				MTL_FAST_MATH = YES;
				SDKROOT = iphoneos;
				SWIFT_COMPILATION_MODE = wholemodule;
				SWIFT_OPTIMIZATION_LEVEL = "-O";
				VALIDATE_PRODUCT = YES;
			};
			name = Release;
		};
		46AF3DE1222450BB0029A596 /* Debug */ = {
			isa = XCBuildConfiguration;
			baseConfigurationReference = BB2912247CCCB46926EF0C07 /* Pods-JJQ.debug.xcconfig */;
			buildSettings = {
				ASSETCATALOG_COMPILER_APPICON_NAME = AppIcon;
				CODE_SIGN_STYLE = Automatic;
				DEVELOPMENT_TEAM = B4S4333JDW;
				INFOPLIST_FILE = JJQ/Info.plist;
				LD_RUNPATH_SEARCH_PATHS = (
					"$(inherited)",
					"@executable_path/Frameworks",
				);
				PRODUCT_BUNDLE_IDENTIFIER = com.swimee.manager.JJQ;
				PRODUCT_NAME = "$(TARGET_NAME)";
				SWIFT_VERSION = 4.2;
				TARGETED_DEVICE_FAMILY = 1;
			};
			name = Debug;
		};
		46AF3DE2222450BB0029A596 /* Release */ = {
			isa = XCBuildConfiguration;
			baseConfigurationReference = FC4BD55C1A8B2B4681D60C19 /* Pods-JJQ.release.xcconfig */;
			buildSettings = {
				ASSETCATALOG_COMPILER_APPICON_NAME = AppIcon;
				CODE_SIGN_STYLE = Automatic;
				DEVELOPMENT_TEAM = B4S4333JDW;
				INFOPLIST_FILE = JJQ/Info.plist;
				LD_RUNPATH_SEARCH_PATHS = (
					"$(inherited)",
					"@executable_path/Frameworks",
				);
				PRODUCT_BUNDLE_IDENTIFIER = com.swimee.manager.JJQ;
				PRODUCT_NAME = "$(TARGET_NAME)";
				SWIFT_VERSION = 4.2;
				TARGETED_DEVICE_FAMILY = 1;
			};
			name = Release;
		};
/* End XCBuildConfiguration section */

/* Begin XCConfigurationList section */
		46AF3DC9222450BA0029A596 /* Build configuration list for PBXProject "JJQ" */ = {
			isa = XCConfigurationList;
			buildConfigurations = (
				46AF3DDE222450BB0029A596 /* Debug */,
				46AF3DDF222450BB0029A596 /* Release */,
			);
			defaultConfigurationIsVisible = 0;
			defaultConfigurationName = Release;
		};
		46AF3DE0222450BB0029A596 /* Build configuration list for PBXNativeTarget "JJQ" */ = {
			isa = XCConfigurationList;
			buildConfigurations = (
				46AF3DE1222450BB0029A596 /* Debug */,
				46AF3DE2222450BB0029A596 /* Release */,
			);
			defaultConfigurationIsVisible = 0;
			defaultConfigurationName = Release;
		};
/* End XCConfigurationList section */
	};
	rootObject = 46AF3DC6222450BA0029A596 /* Project object */;
}
